
Microsoft Visual Studio Solution File, Format Version 12.00
# Visual Studio Version 16
VisualStudioVersion = 16.0.31205.134
MinimumVisualStudioVersion = 10.0.40219.1
Project("{FAE04EC0-301F-11D3-BF4B-00C04F79EFBC}") = "FirefoxRunning", "FirefoxRunning.csproj", "{CF2061E3-5B7B-4062-8DDF-1E5A36549EBB}"
EndProject
Global
	GlobalSection(SolutionConfigurationPlatforms) = preSolution
		Debug|Any CPU = Debug|Any CPU
		Release|Any CPU = Release|Any CPU
	EndGlobalSection
	GlobalSection(ProjectConfigurationPlatforms) = postSolution
		{CF2061E3-5B7B-4062-8DDF-1E5A36549EBB}.Debug|Any CPU.ActiveCfg = Debug|Any CPU
		{CF2061E3-5B7B-4062-8DDF-1E5A36549EBB}.Debug|Any CPU.Build.0 = Debug|Any CPU
		{CF2061E3-5B7B-4062-8DDF-1E5A36549EBB}.Release|Any CPU.ActiveCfg = Release|Any CPU
		{CF2061E3-5B7B-4062-8DDF-1E5A36549EBB}.Release|Any CPU.Build.0 = Release|Any CPU
	EndGlobalSection
	GlobalSection(SolutionProperties) = preSolution
		HideSolutionNode = FALSE
	EndGlobalSection
	GlobalSection(ExtensibilityGlobals) = postSolution
		SolutionGuid = {6869E91E-40D1-472B-88A7-94981A0B3A1D}
	EndGlobalSection
EndGlobal
