
Microsoft Visual Studio Solution File, Format Version 12.00
# Visual Studio Version 17
VisualStudioVersion = 17.0.32014.148
MinimumVisualStudioVersion = 10.0.40219.1
Project("{FAE04EC0-301F-11D3-BF4B-00C04F79EFBC}") = "FirefoxPortableClient", "FirefoxPortableClient\FirefoxPortableClient.csproj", "{A502F8FA-AD98-4B12-BBD1-AD146AA97BEB}"
EndProject
Global
	GlobalSection(SolutionConfigurationPlatforms) = preSolution
		Debug|Any CPU = Debug|Any CPU
		Release|Any CPU = Release|Any CPU
	EndGlobalSection
	GlobalSection(ProjectConfigurationPlatforms) = postSolution
		{A502F8FA-AD98-4B12-BBD1-AD146AA97BEB}.Debug|Any CPU.ActiveCfg = Debug|Any CPU
		{A502F8FA-AD98-4B12-BBD1-AD146AA97BEB}.Debug|Any CPU.Build.0 = Debug|Any CPU
		{A502F8FA-AD98-4B12-BBD1-AD146AA97BEB}.Release|Any CPU.ActiveCfg = Release|Any CPU
		{A502F8FA-AD98-4B12-BBD1-AD146AA97BEB}.Release|Any CPU.Build.0 = Release|Any CPU
	EndGlobalSection
	GlobalSection(SolutionProperties) = preSolution
		HideSolutionNode = FALSE
	EndGlobalSection
	GlobalSection(ExtensibilityGlobals) = postSolution
		SolutionGuid = {2A0EAD6D-DC4C-4F2E-9E5B-7C6ED5B2276F}
	EndGlobalSection
EndGlobal
