
Microsoft Visual Studio Solution File, Format Version 12.00
# Visual Studio Version 16
VisualStudioVersion = 16.0.31702.278
MinimumVisualStudioVersion = 10.0.40219.1
Project("{FAE04EC0-301F-11D3-BF4B-00C04F79EFBC}") = "FirefoxPortable", "FirefoxPortable\FirefoxPortable.csproj", "{5C244D49-95C0-4EA0-B7A4-2A02F27AC493}"
EndProject
Global
	GlobalSection(SolutionConfigurationPlatforms) = preSolution
		Debug|Any CPU = Debug|Any CPU
		Release|Any CPU = Release|Any CPU
	EndGlobalSection
	GlobalSection(ProjectConfigurationPlatforms) = postSolution
		{5C244D49-95C0-4EA0-B7A4-2A02F27AC493}.Debug|Any CPU.ActiveCfg = Debug|Any CPU
		{5C244D49-95C0-4EA0-B7A4-2A02F27AC493}.Debug|Any CPU.Build.0 = Debug|Any CPU
		{5C244D49-95C0-4EA0-B7A4-2A02F27AC493}.Release|Any CPU.ActiveCfg = Release|Any CPU
		{5C244D49-95C0-4EA0-B7A4-2A02F27AC493}.Release|Any CPU.Build.0 = Release|Any CPU
	EndGlobalSection
	GlobalSection(SolutionProperties) = preSolution
		HideSolutionNode = FALSE
	EndGlobalSection
	GlobalSection(ExtensibilityGlobals) = postSolution
		SolutionGuid = {3D9FEE97-67A3-41E5-91D5-F04848A29E51}
	EndGlobalSection
EndGlobal
